{
  "version": 4,
  "terraform_version": "1.3.5",
  "serial": 91,
  "lineage": "e1ef972a-e250-517b-1d2d-7721e584761f",
  "outputs": {},
  "resources": [
    {
      "mode": "managed",
      "type": "panos_address_group",
      "name": "address_groups",
      "provider": "provider[\"registry.terraform.io/paloaltonetworks/panos\"]",
      "instances": [
        {
          "index_key": "GRP4_RFC1918",
          "schema_version": 0,
          "attributes": {
            "description": "RFC1918 networks",
            "dynamic_match": "",
            "id": "vsys1:GRP4_RFC1918",
            "name": "GRP4_RFC1918",
            "static_addresses": [
              "NET4_CLASS_A",
              "NET4_CLASS_B",
              "NET4_CLASS_C"
            ],
            "tags": [
              "LOCAL",
              "TERRAFORM"
            ],
            "vsys": "vsys1"
          },
          "sensitive_attributes": [],
          "private": "bnVsbA==",
          "dependencies": [
            "panos_address_objects.addresses",
            "panos_administrative_tag.tags"
          ],
          "create_before_destroy": true
        }
      ]
    },
    {
      "mode": "managed",
      "type": "panos_address_objects",
      "name": "addresses",
      "provider": "provider[\"registry.terraform.io/paloaltonetworks/panos\"]",
      "instances": [
        {
          "index_key": "NET4_CLASS_A",
          "schema_version": 0,
          "attributes": {
            "device_group": "shared",
            "id": "shared:vsys1:TkVUNF9DTEFTU19B",
            "object": [
              {
                "description": "RFC1918 Class A network",
                "name": "NET4_CLASS_A",
                "tags": [
                  "LOCAL",
                  "TERRAFORM"
                ],
                "type": "ip-netmask",
                "value": "10.0.0.0/8"
              }
            ],
            "timeouts": null,
            "vsys": "vsys1"
          },
          "sensitive_attributes": [],
          "private": "eyJlMmJmYjczMC1lY2FhLTExZTYtOGY4OC0zNDM2M2JjN2M0YzAiOnsiY3JlYXRlIjoxODAwMDAwMDAwMDAwLCJkZWxldGUiOjYwMDAwMDAwMDAwMCwicmVhZCI6NjAwMDAwMDAwMDAwLCJ1cGRhdGUiOjE4MDAwMDAwMDAwMDB9fQ==",
          "dependencies": [
            "panos_administrative_tag.tags"
          ],
          "create_before_destroy": true
        },
        {
          "index_key": "NET4_CLASS_B",
          "schema_version": 0,
          "attributes": {
            "device_group": "shared",
            "id": "shared:vsys1:TkVUNF9DTEFTU19C",
            "object": [
              {
                "description": "RFC1918 Class B network",
                "name": "NET4_CLASS_B",
                "tags": [
                  "LOCAL",
                  "TERRAFORM"
                ],
                "type": "ip-netmask",
                "value": "172.16.0.0/12"
              }
            ],
            "timeouts": null,
            "vsys": "vsys1"
          },
          "sensitive_attributes": [],
          "private": "eyJlMmJmYjczMC1lY2FhLTExZTYtOGY4OC0zNDM2M2JjN2M0YzAiOnsiY3JlYXRlIjoxODAwMDAwMDAwMDAwLCJkZWxldGUiOjYwMDAwMDAwMDAwMCwicmVhZCI6NjAwMDAwMDAwMDAwLCJ1cGRhdGUiOjE4MDAwMDAwMDAwMDB9fQ==",
          "dependencies": [
            "panos_administrative_tag.tags"
          ],
          "create_before_destroy": true
        },
        {
          "index_key": "NET4_CLASS_C",
          "schema_version": 0,
          "attributes": {
            "device_group": "shared",
            "id": "shared:vsys1:TkVUNF9DTEFTU19D",
            "object": [
              {
                "description": "RFC1918 Class C network",
                "name": "NET4_CLASS_C",
                "tags": [
                  "LOCAL",
                  "TERRAFORM"
                ],
                "type": "ip-netmask",
                "value": "192.168.0.0/16"
              }
            ],
            "timeouts": null,
            "vsys": "vsys1"
          },
          "sensitive_attributes": [],
          "private": "eyJlMmJmYjczMC1lY2FhLTExZTYtOGY4OC0zNDM2M2JjN2M0YzAiOnsiY3JlYXRlIjoxODAwMDAwMDAwMDAwLCJkZWxldGUiOjYwMDAwMDAwMDAwMCwicmVhZCI6NjAwMDAwMDAwMDAwLCJ1cGRhdGUiOjE4MDAwMDAwMDAwMDB9fQ==",
          "dependencies": [
            "panos_administrative_tag.tags"
          ],
          "create_before_destroy": true
        },
        {
          "index_key": "NET4_NETSECURITY",
          "schema_version": 0,
          "attributes": {
            "device_group": "shared",
            "id": "shared:vsys1:TkVUNF9ORVRTRUNVUklUWQ==",
            "object": [
              {
                "description": "Netsecurity network",
                "name": "NET4_NETSECURITY",
                "tags": [
                  "CLIENTS",
                  "TERRAFORM"
                ],
                "type": "ip-netmask",
                "value": "11.21.31.0/24"
              }
            ],
            "timeouts": null,
            "vsys": "vsys1"
          },
          "sensitive_attributes": [],
          "private": "eyJlMmJmYjczMC1lY2FhLTExZTYtOGY4OC0zNDM2M2JjN2M0YzAiOnsiY3JlYXRlIjoxODAwMDAwMDAwMDAwLCJkZWxldGUiOjYwMDAwMDAwMDAwMCwicmVhZCI6NjAwMDAwMDAwMDAwLCJ1cGRhdGUiOjE4MDAwMDAwMDAwMDB9fQ==",
          "dependencies": [
            "panos_administrative_tag.tags"
          ],
          "create_before_destroy": true
        },
        {
          "index_key": "NET4_TERRAFORM",
          "schema_version": 0,
          "attributes": {
            "device_group": "shared",
            "id": "shared:vsys1:TkVUNF9URVJSQUZPUk0=",
            "object": [
              {
                "description": "Terraform network",
                "name": "NET4_TERRAFORM",
                "tags": [
                  "CLIENTS",
                  "TERRAFORM"
                ],
                "type": "ip-netmask",
                "value": "10.20.30.0/24"
              }
            ],
            "timeouts": null,
            "vsys": "vsys1"
          },
          "sensitive_attributes": [],
          "private": "eyJlMmJmYjczMC1lY2FhLTExZTYtOGY4OC0zNDM2M2JjN2M0YzAiOnsiY3JlYXRlIjoxODAwMDAwMDAwMDAwLCJkZWxldGUiOjYwMDAwMDAwMDAwMCwicmVhZCI6NjAwMDAwMDAwMDAwLCJ1cGRhdGUiOjE4MDAwMDAwMDAwMDB9fQ==",
          "dependencies": [
            "panos_administrative_tag.tags"
          ],
          "create_before_destroy": true
        },
        {
          "index_key": "NET6_GLOBAL_UNICAST",
          "schema_version": 0,
          "attributes": {
            "device_group": "shared",
            "id": "shared:vsys1:TkVUNl9HTE9CQUxfVU5JQ0FTVA==",
            "object": [
              {
                "description": "IPv6 Global Unicast addresses",
                "name": "NET6_GLOBAL_UNICAST",
                "tags": [
                  "GLOBAL",
                  "TERRAFORM"
                ],
                "type": "ip-netmask",
                "value": "2000::/3"
              }
            ],
            "timeouts": null,
            "vsys": "vsys1"
          },
          "sensitive_attributes": [],
          "private": "eyJlMmJmYjczMC1lY2FhLTExZTYtOGY4OC0zNDM2M2JjN2M0YzAiOnsiY3JlYXRlIjoxODAwMDAwMDAwMDAwLCJkZWxldGUiOjYwMDAwMDAwMDAwMCwicmVhZCI6NjAwMDAwMDAwMDAwLCJ1cGRhdGUiOjE4MDAwMDAwMDAwMDB9fQ==",
          "dependencies": [
            "panos_administrative_tag.tags"
          ],
          "create_before_destroy": true
        },
        {
          "index_key": "NET6_LINK-LOCAL",
          "schema_version": 0,
          "attributes": {
            "device_group": "shared",
            "id": "shared:vsys1:TkVUNl9MSU5LLUxPQ0FM",
            "object": [
              {
                "description": "IPv6 Link-Local addresses",
                "name": "NET6_LINK-LOCAL",
                "tags": [
                  "LOCAL",
                  "TERRAFORM"
                ],
                "type": "ip-netmask",
                "value": "fe80::/10"
              }
            ],
            "timeouts": null,
            "vsys": "vsys1"
          },
          "sensitive_attributes": [],
          "private": "eyJlMmJmYjczMC1lY2FhLTExZTYtOGY4OC0zNDM2M2JjN2M0YzAiOnsiY3JlYXRlIjoxODAwMDAwMDAwMDAwLCJkZWxldGUiOjYwMDAwMDAwMDAwMCwicmVhZCI6NjAwMDAwMDAwMDAwLCJ1cGRhdGUiOjE4MDAwMDAwMDAwMDB9fQ==",
          "dependencies": [
            "panos_administrative_tag.tags"
          ],
          "create_before_destroy": true
        }
      ]
    },
    {
      "mode": "managed",
      "type": "panos_administrative_tag",
      "name": "tags",
      "provider": "provider[\"registry.terraform.io/paloaltonetworks/panos\"]",
      "instances": [
        {
          "index_key": "ALLOW",
          "schema_version": 0,
          "attributes": {
            "color": "color2",
            "comment": "Allowed traffic",
            "id": "vsys1:ALLOW",
            "name": "ALLOW",
            "vsys": "vsys1"
          },
          "sensitive_attributes": [],
          "private": "bnVsbA==",
          "create_before_destroy": true
        },
        {
          "index_key": "CLIENTS",
          "schema_version": 0,
          "attributes": {
            "color": "color2",
            "comment": "Zone CLIENTS",
            "id": "vsys1:CLIENTS",
            "name": "CLIENTS",
            "vsys": "vsys1"
          },
          "sensitive_attributes": [],
          "private": "bnVsbA==",
          "create_before_destroy": true
        },
        {
          "index_key": "DENY",
          "schema_version": 0,
          "attributes": {
            "color": "color1",
            "comment": "Denied traffic",
            "id": "vsys1:DENY",
            "name": "DENY",
            "vsys": "vsys1"
          },
          "sensitive_attributes": [],
          "private": "bnVsbA==",
          "create_before_destroy": true
        },
        {
          "index_key": "Domain Policies",
          "schema_version": 0,
          "attributes": {
            "color": "color2",
            "comment": "Domain policies",
            "id": "vsys1:Domain Policies",
            "name": "Domain Policies",
            "vsys": "vsys1"
          },
          "sensitive_attributes": [],
          "private": "bnVsbA==",
          "create_before_destroy": true
        },
        {
          "index_key": "GLOBAL",
          "schema_version": 0,
          "attributes": {
            "color": "color1",
            "comment": "Global resources",
            "id": "vsys1:GLOBAL",
            "name": "GLOBAL",
            "vsys": "vsys1"
          },
          "sensitive_attributes": [],
          "private": "bnVsbA==",
          "create_before_destroy": true
        },
        {
          "index_key": "INSIDE",
          "schema_version": 0,
          "attributes": {
            "color": "color2",
            "comment": "Zone INSIDE",
            "id": "vsys1:INSIDE",
            "name": "INSIDE",
            "vsys": "vsys1"
          },
          "sensitive_attributes": [],
          "private": "bnVsbA==",
          "create_before_destroy": true
        },
        {
          "index_key": "INTERNET",
          "schema_version": 0,
          "attributes": {
            "color": "color1",
            "comment": "Zone INTERNET",
            "id": "vsys1:INTERNET",
            "name": "INTERNET",
            "vsys": "vsys1"
          },
          "sensitive_attributes": [],
          "private": "bnVsbA==",
          "create_before_destroy": true
        },
        {
          "index_key": "Internet Policies",
          "schema_version": 0,
          "attributes": {
            "color": "color6",
            "comment": "Internet policies",
            "id": "vsys1:Internet Policies",
            "name": "Internet Policies",
            "vsys": "vsys1"
          },
          "sensitive_attributes": [],
          "private": "bnVsbA==",
          "create_before_destroy": true
        },
        {
          "index_key": "LAN",
          "schema_version": 0,
          "attributes": {
            "color": "color2",
            "comment": "Zone LAN",
            "id": "vsys1:LAN",
            "name": "LAN",
            "vsys": "vsys1"
          },
          "sensitive_attributes": [],
          "private": "bnVsbA==",
          "create_before_destroy": true
        },
        {
          "index_key": "LOCAL",
          "schema_version": 0,
          "attributes": {
            "color": "color2",
            "comment": "Local resources",
            "id": "vsys1:LOCAL",
            "name": "LOCAL",
            "vsys": "vsys1"
          },
          "sensitive_attributes": [],
          "private": "bnVsbA==",
          "create_before_destroy": true
        },
        {
          "index_key": "OUTSIDE",
          "schema_version": 0,
          "attributes": {
            "color": "color1",
            "comment": "Zone OUTSIDE",
            "id": "vsys1:OUTSIDE",
            "name": "OUTSIDE",
            "vsys": "vsys1"
          },
          "sensitive_attributes": [],
          "private": "bnVsbA==",
          "create_before_destroy": true
        },
        {
          "index_key": "Public Policies",
          "schema_version": 0,
          "attributes": {
            "color": "color1",
            "comment": "Public policies",
            "id": "vsys1:Public Policies",
            "name": "Public Policies",
            "vsys": "vsys1"
          },
          "sensitive_attributes": [],
          "private": "bnVsbA==",
          "create_before_destroy": true
        },
        {
          "index_key": "TERRAFORM",
          "schema_version": 0,
          "attributes": {
            "color": "color41",
            "comment": "Objects created with Terraform",
            "id": "vsys1:TERRAFORM",
            "name": "TERRAFORM",
            "vsys": "vsys1"
          },
          "sensitive_attributes": [],
          "private": "bnVsbA==",
          "create_before_destroy": true
        }
      ]
    },
    {
      "mode": "managed",
      "type": "panos_ethernet_interface",
      "name": "eth1-1",
      "provider": "provider[\"registry.terraform.io/paloaltonetworks/panos\"]",
      "instances": [
        {
          "schema_version": 0,
          "attributes": {
            "adjust_tcp_mss": false,
            "aggregate_group": "",
            "comment": "External network",
            "create_dhcp_default_route": true,
            "decrypt_forward": false,
            "dhcp_default_route_metric": 10,
            "dhcp_send_hostname_enable": false,
            "dhcp_send_hostname_value": "",
            "enable_dhcp": true,
            "id": "vsys1:ethernet1/1",
            "ipv4_mss_adjust": 0,
            "ipv6_enabled": false,
            "ipv6_mss_adjust": 0,
            "lacp_ha_passive_pre_negotiation": false,
            "lacp_port_priority": 0,
            "link_duplex": "",
            "link_speed": "",
            "link_state": "",
            "lldp_enabled": false,
            "lldp_ha_passive_pre_negotiation": false,
            "lldp_profile": "",
            "management_profile": "OUTSIDE",
            "mode": "layer3",
            "mtu": 0,
            "name": "ethernet1/1",
            "netflow_profile": "",
            "rx_policing_rate": 0,
            "static_ips": [],
            "tx_policing_rate": 0,
            "vsys": "vsys1"
          },
          "sensitive_attributes": [],
          "private": "bnVsbA==",
          "create_before_destroy": true
        }
      ]
    },
    {
      "mode": "managed",
      "type": "panos_ethernet_interface",
      "name": "eth1-2",
      "provider": "provider[\"registry.terraform.io/paloaltonetworks/panos\"]",
      "instances": [
        {
          "schema_version": 0,
          "attributes": {
            "adjust_tcp_mss": false,
            "aggregate_group": "",
            "comment": "Internal network",
            "create_dhcp_default_route": false,
            "decrypt_forward": false,
            "dhcp_default_route_metric": 0,
            "dhcp_send_hostname_enable": false,
            "dhcp_send_hostname_value": "",
            "enable_dhcp": false,
            "id": "vsys1:ethernet1/2",
            "ipv4_mss_adjust": 0,
            "ipv6_enabled": false,
            "ipv6_mss_adjust": 0,
            "lacp_ha_passive_pre_negotiation": false,
            "lacp_port_priority": 0,
            "link_duplex": "",
            "link_speed": "",
            "link_state": "",
            "lldp_enabled": false,
            "lldp_ha_passive_pre_negotiation": false,
            "lldp_profile": "",
            "management_profile": "INSIDE",
            "mode": "layer3",
            "mtu": 0,
            "name": "ethernet1/2",
            "netflow_profile": "",
            "rx_policing_rate": 0,
            "static_ips": [
              "10.100.1.1/24"
            ],
            "tx_policing_rate": 0,
            "vsys": "vsys1"
          },
          "sensitive_attributes": [],
          "private": "bnVsbA==",
          "create_before_destroy": true
        }
      ]
    },
    {
      "mode": "managed",
      "type": "panos_security_rule_group",
      "name": "bottom",
      "provider": "provider[\"registry.terraform.io/paloaltonetworks/panos\"]",
      "instances": [
        {
          "schema_version": 1,
          "attributes": {
            "device_group": "shared",
            "id": "shared:pre-rulebase:vsys1:6::RGVueSBzb21ldGhpbmcgZXZlcnl0aGluZyBlbHNlCkRlbnkgYWxtb3N0IGV2ZXJ5dGhpbmcgZWxzZQpEZW55IGV2ZXJ5dGhpbmcgZWxzZQ==",
            "position_keyword": "bottom",
            "position_reference": "",
            "rule": [
              {
                "action": "deny",
                "applications": [
                  "any"
                ],
                "audit_comment": "",
                "categories": [
                  "any"
                ],
                "data_filtering": "",
                "description": "",
                "destination_addresses": [
                  "any"
                ],
                "destination_devices": [],
                "destination_zones": [
                  "any"
                ],
                "disable_server_response_inspection": false,
                "disabled": false,
                "file_blocking": "",
                "group": "",
                "group_tag": "DENY",
                "hip_profiles": [
                  "any"
                ],
                "icmp_unreachable": false,
                "log_end": true,
                "log_setting": "",
                "log_start": false,
                "name": "Deny something everything else",
                "negate_destination": false,
                "negate_source": false,
                "negate_target": false,
                "schedule": "",
                "services": [
                  "application-default"
                ],
                "source_addresses": [
                  "any"
                ],
                "source_devices": [],
                "source_users": [
                  "any"
                ],
                "source_zones": [
                  "any"
                ],
                "spyware": "",
                "tags": [],
                "target": [],
                "type": "universal",
                "url_filtering": "",
                "uuid": "a37592c0-11b5-4d83-b81d-cef2018d367b",
                "virus": "",
                "vulnerability": "",
                "wildfire_analysis": ""
              },
              {
                "action": "deny",
                "applications": [
                  "any"
                ],
                "audit_comment": "",
                "categories": [
                  "any"
                ],
                "data_filtering": "",
                "description": "",
                "destination_addresses": [
                  "any"
                ],
                "destination_devices": [],
                "destination_zones": [
                  "any"
                ],
                "disable_server_response_inspection": false,
                "disabled": false,
                "file_blocking": "",
                "group": "",
                "group_tag": "DENY",
                "hip_profiles": [
                  "any"
                ],
                "icmp_unreachable": false,
                "log_end": true,
                "log_setting": "",
                "log_start": false,
                "name": "Deny almost everything else",
                "negate_destination": false,
                "negate_source": false,
                "negate_target": false,
                "schedule": "",
                "services": [
                  "application-default"
                ],
                "source_addresses": [
                  "any"
                ],
                "source_devices": [],
                "source_users": [
                  "any"
                ],
                "source_zones": [
                  "any"
                ],
                "spyware": "",
                "tags": [],
                "target": [],
                "type": "universal",
                "url_filtering": "",
                "uuid": "0f9d09e5-1c84-4d68-b6d4-423341ae9182",
                "virus": "",
                "vulnerability": "",
                "wildfire_analysis": ""
              },
              {
                "action": "deny",
                "applications": [
                  "any"
                ],
                "audit_comment": "",
                "categories": [
                  "any"
                ],
                "data_filtering": "",
                "description": "",
                "destination_addresses": [
                  "any"
                ],
                "destination_devices": [],
                "destination_zones": [
                  "any"
                ],
                "disable_server_response_inspection": false,
                "disabled": false,
                "file_blocking": "",
                "group": "",
                "group_tag": "DENY",
                "hip_profiles": [
                  "any"
                ],
                "icmp_unreachable": false,
                "log_end": true,
                "log_setting": "",
                "log_start": false,
                "name": "Deny everything else",
                "negate_destination": false,
                "negate_source": false,
                "negate_target": false,
                "schedule": "",
                "services": [
                  "application-default"
                ],
                "source_addresses": [
                  "any"
                ],
                "source_devices": [],
                "source_users": [
                  "any"
                ],
                "source_zones": [
                  "any"
                ],
                "spyware": "",
                "tags": [],
                "target": [],
                "type": "universal",
                "url_filtering": "",
                "uuid": "7a00da39-affb-4656-a40c-7649742a7ffe",
                "virus": "",
                "vulnerability": "",
                "wildfire_analysis": ""
              }
            ],
            "rulebase": "pre-rulebase",
            "timeouts": null,
            "vsys": "vsys1"
          },
          "sensitive_attributes": [],
          "private": "eyJlMmJmYjczMC1lY2FhLTExZTYtOGY4OC0zNDM2M2JjN2M0YzAiOnsiY3JlYXRlIjo2MDAwMDAwMDAwMDAsInVwZGF0ZSI6NjAwMDAwMDAwMDAwfSwic2NoZW1hX3ZlcnNpb24iOiIxIn0=",
          "dependencies": [
            "panos_address_group.address_groups",
            "panos_address_objects.addresses",
            "panos_administrative_tag.tags"
          ],
          "create_before_destroy": true
        }
      ]
    },
    {
      "mode": "managed",
      "type": "panos_security_rule_group",
      "name": "domain",
      "provider": "provider[\"registry.terraform.io/paloaltonetworks/panos\"]",
      "instances": [
        {
          "schema_version": 1,
          "attributes": {
            "device_group": "shared",
            "id": "shared:pre-rulebase:vsys1:1:Deny something everything else:QWxsb3cgS2VyYmVyb3M=",
            "position_keyword": "before",
            "position_reference": "Deny something everything else",
            "rule": [
              {
                "action": "allow",
                "applications": [
                  "kerberos"
                ],
                "audit_comment": "",
                "categories": [
                  "any"
                ],
                "data_filtering": "",
                "description": "",
                "destination_addresses": [
                  "any"
                ],
                "destination_devices": [],
                "destination_zones": [
                  "any"
                ],
                "disable_server_response_inspection": false,
                "disabled": false,
                "file_blocking": "",
                "group": "",
                "group_tag": "Domain Policies",
                "hip_profiles": [
                  "any"
                ],
                "icmp_unreachable": false,
                "log_end": true,
                "log_setting": "",
                "log_start": false,
                "name": "Allow Kerberos",
                "negate_destination": false,
                "negate_source": false,
                "negate_target": false,
                "schedule": "",
                "services": [
                  "application-default"
                ],
                "source_addresses": [
                  "any"
                ],
                "source_devices": [],
                "source_users": [
                  "any"
                ],
                "source_zones": [
                  "any"
                ],
                "spyware": "",
                "tags": [],
                "target": [],
                "type": "universal",
                "url_filtering": "",
                "uuid": "dc1f8266-e506-4a84-9b1a-0c2c2a6387a0",
                "virus": "",
                "vulnerability": "",
                "wildfire_analysis": ""
              }
            ],
            "rulebase": "pre-rulebase",
            "timeouts": null,
            "vsys": "vsys1"
          },
          "sensitive_attributes": [],
          "private": "eyJlMmJmYjczMC1lY2FhLTExZTYtOGY4OC0zNDM2M2JjN2M0YzAiOnsiY3JlYXRlIjo2MDAwMDAwMDAwMDAsInVwZGF0ZSI6NjAwMDAwMDAwMDAwfSwic2NoZW1hX3ZlcnNpb24iOiIxIn0=",
          "dependencies": [
            "panos_address_group.address_groups",
            "panos_address_objects.addresses",
            "panos_administrative_tag.tags",
            "panos_security_rule_group.bottom"
          ],
          "create_before_destroy": true
        }
      ]
    },
    {
      "mode": "managed",
      "type": "panos_security_rule_group",
      "name": "internet",
      "provider": "provider[\"registry.terraform.io/paloaltonetworks/panos\"]",
      "instances": [
        {
          "schema_version": 1,
          "attributes": {
            "device_group": "shared",
            "id": "shared:pre-rulebase:vsys1:1:Allow Kerberos:QWxsb3cgT3V0Ym91bmQgRlRQCkFsbG93IE91dGJvdW5kIEhUVFA=",
            "position_keyword": "before",
            "position_reference": "Allow Kerberos",
            "rule": [
              {
                "action": "allow",
                "applications": [
                  "ftp"
                ],
                "audit_comment": "",
                "categories": [
                  "any"
                ],
                "data_filtering": "",
                "description": "",
                "destination_addresses": [
                  "any"
                ],
                "destination_devices": [],
                "destination_zones": [
                  "any"
                ],
                "disable_server_response_inspection": false,
                "disabled": false,
                "file_blocking": "",
                "group": "",
                "group_tag": "Internet Policies",
                "hip_profiles": [
                  "any"
                ],
                "icmp_unreachable": false,
                "log_end": true,
                "log_setting": "",
                "log_start": false,
                "name": "Allow Outbound FTP",
                "negate_destination": false,
                "negate_source": false,
                "negate_target": false,
                "schedule": "",
                "services": [
                  "application-default"
                ],
                "source_addresses": [
                  "any"
                ],
                "source_devices": [],
                "source_users": [
                  "any"
                ],
                "source_zones": [
                  "any"
                ],
                "spyware": "",
                "tags": [],
                "target": [],
                "type": "universal",
                "url_filtering": "",
                "uuid": "4a7e7c43-b64d-4c23-b3e6-0cabf9cb57ea",
                "virus": "",
                "vulnerability": "",
                "wildfire_analysis": ""
              },
              {
                "action": "allow",
                "applications": [
                  "web-browsing"
                ],
                "audit_comment": "",
                "categories": [
                  "any"
                ],
                "data_filtering": "",
                "description": "",
                "destination_addresses": [
                  "any"
                ],
                "destination_devices": [],
                "destination_zones": [
                  "any"
                ],
                "disable_server_response_inspection": false,
                "disabled": false,
                "file_blocking": "",
                "group": "",
                "group_tag": "Internet Policies",
                "hip_profiles": [
                  "any"
                ],
                "icmp_unreachable": false,
                "log_end": true,
                "log_setting": "",
                "log_start": false,
                "name": "Allow Outbound HTTP",
                "negate_destination": false,
                "negate_source": false,
                "negate_target": false,
                "schedule": "",
                "services": [
                  "application-default"
                ],
                "source_addresses": [
                  "any"
                ],
                "source_devices": [],
                "source_users": [
                  "any"
                ],
                "source_zones": [
                  "any"
                ],
                "spyware": "",
                "tags": [],
                "target": [],
                "type": "universal",
                "url_filtering": "",
                "uuid": "94f48ae2-02d8-49f3-b820-db7619986d71",
                "virus": "",
                "vulnerability": "",
                "wildfire_analysis": ""
              }
            ],
            "rulebase": "pre-rulebase",
            "timeouts": null,
            "vsys": "vsys1"
          },
          "sensitive_attributes": [],
          "private": "eyJlMmJmYjczMC1lY2FhLTExZTYtOGY4OC0zNDM2M2JjN2M0YzAiOnsiY3JlYXRlIjo2MDAwMDAwMDAwMDAsInVwZGF0ZSI6NjAwMDAwMDAwMDAwfSwic2NoZW1hX3ZlcnNpb24iOiIxIn0=",
          "dependencies": [
            "panos_address_group.address_groups",
            "panos_address_objects.addresses",
            "panos_administrative_tag.tags",
            "panos_security_rule_group.bottom",
            "panos_security_rule_group.domain"
          ],
          "create_before_destroy": true
        }
      ]
    },
    {
      "mode": "managed",
      "type": "panos_security_rule_group",
      "name": "public",
      "provider": "provider[\"registry.terraform.io/paloaltonetworks/panos\"]",
      "instances": [
        {
          "index_key": "Allow SSH",
          "schema_version": 1,
          "attributes": {
            "device_group": "shared",
            "id": "shared:pre-rulebase:vsys1:1:Allow Outbound FTP:QWxsb3cgU1NI",
            "position_keyword": "before",
            "position_reference": "Allow Outbound FTP",
            "rule": [
              {
                "action": "allow",
                "applications": [
                  "ssh"
                ],
                "audit_comment": "",
                "categories": [
                  "any"
                ],
                "data_filtering": "",
                "description": "",
                "destination_addresses": [
                  "NET4_TERRAFORM"
                ],
                "destination_devices": [],
                "destination_zones": [
                  "INSIDE"
                ],
                "disable_server_response_inspection": false,
                "disabled": false,
                "file_blocking": "",
                "group": "",
                "group_tag": "Public Policies",
                "hip_profiles": [
                  "any"
                ],
                "icmp_unreachable": false,
                "log_end": true,
                "log_setting": "",
                "log_start": false,
                "name": "Allow SSH",
                "negate_destination": false,
                "negate_source": false,
                "negate_target": false,
                "schedule": "",
                "services": [
                  "application-default"
                ],
                "source_addresses": [
                  "NET4_CLASS_B"
                ],
                "source_devices": [],
                "source_users": [
                  "any"
                ],
                "source_zones": [
                  "OUTSIDE"
                ],
                "spyware": "",
                "tags": [
                  "ALLOW"
                ],
                "target": [],
                "type": "universal",
                "url_filtering": "",
                "uuid": "68f70f9b-0bd4-4ed5-9d02-d46eacb07dba",
                "virus": "",
                "vulnerability": "",
                "wildfire_analysis": ""
              }
            ],
            "rulebase": "pre-rulebase",
            "timeouts": null,
            "vsys": "vsys1"
          },
          "sensitive_attributes": [],
          "private": "eyJlMmJmYjczMC1lY2FhLTExZTYtOGY4OC0zNDM2M2JjN2M0YzAiOnsiY3JlYXRlIjo2MDAwMDAwMDAwMDAsInVwZGF0ZSI6NjAwMDAwMDAwMDAwfSwic2NoZW1hX3ZlcnNpb24iOiIxIn0=",
          "dependencies": [
            "panos_address_group.address_groups",
            "panos_address_objects.addresses",
            "panos_administrative_tag.tags",
            "panos_security_rule_group.bottom",
            "panos_security_rule_group.domain",
            "panos_security_rule_group.internet"
          ],
          "create_before_destroy": true
        }
      ]
    },
    {
      "mode": "managed",
      "type": "panos_zone",
      "name": "inside",
      "provider": "provider[\"registry.terraform.io/paloaltonetworks/panos\"]",
      "instances": [
        {
          "schema_version": 1,
          "attributes": {
            "enable_user_id": true,
            "exclude_acls": [],
            "id": "::vsys1:INSIDE",
            "include_acls": [],
            "interfaces": [
              "ethernet1/2"
            ],
            "log_setting": "",
            "mode": "layer3",
            "name": "INSIDE",
            "template": "",
            "template_stack": "",
            "vsys": "vsys1",
            "zone_profile": ""
          },
          "sensitive_attributes": [],
          "private": "eyJzY2hlbWFfdmVyc2lvbiI6IjEifQ==",
          "dependencies": [
            "panos_ethernet_interface.eth1-2"
          ],
          "create_before_destroy": true
        }
      ]
    },
    {
      "mode": "managed",
      "type": "panos_zone",
      "name": "outside",
      "provider": "provider[\"registry.terraform.io/paloaltonetworks/panos\"]",
      "instances": [
        {
          "schema_version": 1,
          "attributes": {
            "enable_user_id": false,
            "exclude_acls": [],
            "id": "::vsys1:OUTSIDE",
            "include_acls": [],
            "interfaces": [
              "ethernet1/1"
            ],
            "log_setting": "",
            "mode": "layer3",
            "name": "OUTSIDE",
            "template": "",
            "template_stack": "",
            "vsys": "vsys1",
            "zone_profile": ""
          },
          "sensitive_attributes": [],
          "private": "eyJzY2hlbWFfdmVyc2lvbiI6IjEifQ==",
          "dependencies": [
            "panos_ethernet_interface.eth1-1"
          ],
          "create_before_destroy": true
        }
      ]
    }
  ],
  "check_results": null
}
